
Microsoft Visual Studio Solution File, Format Version 12.00
# Visual Studio Version 16
VisualStudioVersion = 16.0.31410.357
MinimumVisualStudioVersion = 10.0.40219.1
Project("{FAE04EC0-301F-11D3-BF4B-00C04F79EFBC}") = "Cloud Assignment", "Cloud Assignment\Cloud Assignment.csproj", "{1833F3A1-7BAB-4870-B22E-7BBF2474B290}"
EndProject
Global
	GlobalSection(SolutionConfigurationPlatforms) = preSolution
		Debug|Any CPU = Debug|Any CPU
		Release|Any CPU = Release|Any CPU
	EndGlobalSection
	GlobalSection(ProjectConfigurationPlatforms) = postSolution
		{1833F3A1-7BAB-4870-B22E-7BBF2474B290}.Debug|Any CPU.ActiveCfg = Debug|Any CPU
		{1833F3A1-7BAB-4870-B22E-7BBF2474B290}.Debug|Any CPU.Build.0 = Debug|Any CPU
		{1833F3A1-7BAB-4870-B22E-7BBF2474B290}.Release|Any CPU.ActiveCfg = Release|Any CPU
		{1833F3A1-7BAB-4870-B22E-7BBF2474B290}.Release|Any CPU.Build.0 = Release|Any CPU
	EndGlobalSection
	GlobalSection(SolutionProperties) = preSolution
		HideSolutionNode = FALSE
	EndGlobalSection
	GlobalSection(ExtensibilityGlobals) = postSolution
		SolutionGuid = {F54C5380-87B7-45DC-B9AD-297CB3EB9FE4}
	EndGlobalSection
EndGlobal
